
Microsoft Visual Studio Solution File, Format Version 12.00
# Visual Studio Version 16
VisualStudioVersion = 16.0.809.6
MinimumVisualStudioVersion = 10.0.40219.1
Project("{FAE04EC0-301F-11D3-BF4B-00C04F79EFBC}") = "Exam1", "Exam1\Exam1.csproj", "{89ACE34C-B26D-4236-BF42-D87BFBEF18A2}"
EndProject
Global
	GlobalSection(SolutionConfigurationPlatforms) = preSolution
		Debug|Any CPU = Debug|Any CPU
		Release|Any CPU = Release|Any CPU
	EndGlobalSection
	GlobalSection(ProjectConfigurationPlatforms) = postSolution
		{89ACE34C-B26D-4236-BF42-D87BFBEF18A2}.Debug|Any CPU.ActiveCfg = Debug|Any CPU
		{89ACE34C-B26D-4236-BF42-D87BFBEF18A2}.Debug|Any CPU.Build.0 = Debug|Any CPU
		{89ACE34C-B26D-4236-BF42-D87BFBEF18A2}.Release|Any CPU.ActiveCfg = Release|Any CPU
		{89ACE34C-B26D-4236-BF42-D87BFBEF18A2}.Release|Any CPU.Build.0 = Release|Any CPU
	EndGlobalSection
	GlobalSection(SolutionProperties) = preSolution
		HideSolutionNode = FALSE
	EndGlobalSection
	GlobalSection(ExtensibilityGlobals) = postSolution
		SolutionGuid = {2A3F24D1-FA34-418F-8864-2FEEC52C0933}
	EndGlobalSection
EndGlobal
